# This file is automatically @generated by Cargo.
# It is not intended for manual editing.
version = 4

[[package]]
name = "xmip-core-assign"
version = "0.1.0"
dependencies = [
 "xmip-core-context",
]

[[package]]
name = "xmip-core-context"
version = "0.1.0"
source = "git+https://github.com/IlleNilsson/xmip-core-context?branch=main#b5fcc9f6b780141f579749066bcfb6b9862e496c"
